
Microsoft Visual Studio Solution File, Format Version 12.00
# Visual Studio Version 16
VisualStudioVersion = 16.0.31624.102
MinimumVisualStudioVersion = 10.0.40219.1
Project("{FAE04EC0-301F-11D3-BF4B-00C04F79EFBC}") = "UploadFile", "UploadFile\UploadFile.csproj", "{305AF9C2-D372-49FB-8C61-8AA03F7F5B90}"
EndProject
Global
	GlobalSection(SolutionConfigurationPlatforms) = preSolution
		Debug|Any CPU = Debug|Any CPU
		Release|Any CPU = Release|Any CPU
	EndGlobalSection
	GlobalSection(ProjectConfigurationPlatforms) = postSolution
		{305AF9C2-D372-49FB-8C61-8AA03F7F5B90}.Debug|Any CPU.ActiveCfg = Debug|Any CPU
		{305AF9C2-D372-49FB-8C61-8AA03F7F5B90}.Debug|Any CPU.Build.0 = Debug|Any CPU
		{305AF9C2-D372-49FB-8C61-8AA03F7F5B90}.Release|Any CPU.ActiveCfg = Release|Any CPU
		{305AF9C2-D372-49FB-8C61-8AA03F7F5B90}.Release|Any CPU.Build.0 = Release|Any CPU
	EndGlobalSection
	GlobalSection(SolutionProperties) = preSolution
		HideSolutionNode = FALSE
	EndGlobalSection
	GlobalSection(ExtensibilityGlobals) = postSolution
		SolutionGuid = {9716AED8-5111-40D3-9E3C-42DB35C8F588}
	EndGlobalSection
EndGlobal
